
Microsoft Visual Studio Solution File, Format Version 12.00
# Visual Studio Version 17
VisualStudioVersion = 17.4.33213.308
MinimumVisualStudioVersion = 10.0.40219.1
Project("{9A19103F-16F7-4668-BE54-9A1E7A4F7556}") = "Week6StringsAndArrays", "Week6StringsAndArrays\Week6StringsAndArrays.csproj", "{28A65B8F-2EA1-48F5-ADAD-9494BF6E25E2}"
EndProject
Project("{FAE04EC0-301F-11D3-BF4B-00C04F79EFBC}") = "Arrays", "Arrays\Arrays.csproj", "{200EBC3C-34B4-496E-BF0A-9FADCA61B244}"
EndProject
Project("{FAE04EC0-301F-11D3-BF4B-00C04F79EFBC}") = "NumberArrays", "NumberArrays\NumberArrays.csproj", "{2EC46711-090D-4D5E-8A88-FD97A412DB0D}"
EndProject
Project("{FAE04EC0-301F-11D3-BF4B-00C04F79EFBC}") = "RandomElement", "RandomElement\RandomElement.csproj", "{A3A540B0-87B7-4ACA-9984-CDD89D2D7C89}"
EndProject
Global
	GlobalSection(SolutionConfigurationPlatforms) = preSolution
		Debug|Any CPU = Debug|Any CPU
		Release|Any CPU = Release|Any CPU
	EndGlobalSection
	GlobalSection(ProjectConfigurationPlatforms) = postSolution
		{28A65B8F-2EA1-48F5-ADAD-9494BF6E25E2}.Debug|Any CPU.ActiveCfg = Debug|Any CPU
		{28A65B8F-2EA1-48F5-ADAD-9494BF6E25E2}.Debug|Any CPU.Build.0 = Debug|Any CPU
		{28A65B8F-2EA1-48F5-ADAD-9494BF6E25E2}.Release|Any CPU.ActiveCfg = Release|Any CPU
		{28A65B8F-2EA1-48F5-ADAD-9494BF6E25E2}.Release|Any CPU.Build.0 = Release|Any CPU
		{200EBC3C-34B4-496E-BF0A-9FADCA61B244}.Debug|Any CPU.ActiveCfg = Debug|Any CPU
		{200EBC3C-34B4-496E-BF0A-9FADCA61B244}.Debug|Any CPU.Build.0 = Debug|Any CPU
		{200EBC3C-34B4-496E-BF0A-9FADCA61B244}.Release|Any CPU.ActiveCfg = Release|Any CPU
		{200EBC3C-34B4-496E-BF0A-9FADCA61B244}.Release|Any CPU.Build.0 = Release|Any CPU
		{2EC46711-090D-4D5E-8A88-FD97A412DB0D}.Debug|Any CPU.ActiveCfg = Debug|Any CPU
		{2EC46711-090D-4D5E-8A88-FD97A412DB0D}.Debug|Any CPU.Build.0 = Debug|Any CPU
		{2EC46711-090D-4D5E-8A88-FD97A412DB0D}.Release|Any CPU.ActiveCfg = Release|Any CPU
		{2EC46711-090D-4D5E-8A88-FD97A412DB0D}.Release|Any CPU.Build.0 = Release|Any CPU
		{A3A540B0-87B7-4ACA-9984-CDD89D2D7C89}.Debug|Any CPU.ActiveCfg = Debug|Any CPU
		{A3A540B0-87B7-4ACA-9984-CDD89D2D7C89}.Debug|Any CPU.Build.0 = Debug|Any CPU
		{A3A540B0-87B7-4ACA-9984-CDD89D2D7C89}.Release|Any CPU.ActiveCfg = Release|Any CPU
		{A3A540B0-87B7-4ACA-9984-CDD89D2D7C89}.Release|Any CPU.Build.0 = Release|Any CPU
	EndGlobalSection
	GlobalSection(SolutionProperties) = preSolution
		HideSolutionNode = FALSE
	EndGlobalSection
	GlobalSection(ExtensibilityGlobals) = postSolution
		SolutionGuid = {A584F165-77C7-4893-9D98-38777C2B7712}
	EndGlobalSection
EndGlobal
